
Microsoft Visual Studio Solution File, Format Version 12.00
# Visual Studio Version 16
VisualStudioVersion = 16.0.31911.196
MinimumVisualStudioVersion = 10.0.40219.1
Project("{F184B08F-C81C-45F6-A57F-5ABD9991F28F}") = "Trabajo n°1", "Trabajo n°1\Trabajo n°1.vbproj", "{E44852CD-DA8E-4559-85D5-CC1D0A280927}"
EndProject
Global
	GlobalSection(SolutionConfigurationPlatforms) = preSolution
		Debug|Any CPU = Debug|Any CPU
		Release|Any CPU = Release|Any CPU
	EndGlobalSection
	GlobalSection(ProjectConfigurationPlatforms) = postSolution
		{E44852CD-DA8E-4559-85D5-CC1D0A280927}.Debug|Any CPU.ActiveCfg = Debug|Any CPU
		{E44852CD-DA8E-4559-85D5-CC1D0A280927}.Debug|Any CPU.Build.0 = Debug|Any CPU
		{E44852CD-DA8E-4559-85D5-CC1D0A280927}.Release|Any CPU.ActiveCfg = Release|Any CPU
		{E44852CD-DA8E-4559-85D5-CC1D0A280927}.Release|Any CPU.Build.0 = Release|Any CPU
	EndGlobalSection
	GlobalSection(SolutionProperties) = preSolution
		HideSolutionNode = FALSE
	EndGlobalSection
	GlobalSection(ExtensibilityGlobals) = postSolution
		SolutionGuid = {4B3A1921-2980-4AC8-9F16-589E38B265C2}
	EndGlobalSection
EndGlobal
